{
  "version": "5",
  "specifiers": {
    "jsr:@std/assert@1": "1.0.18",
    "jsr:@std/internal@^1.0.12": "1.0.14"
  },
  "jsr": {
    "@std/assert@1.0.18": {
      "integrity": "270245e9c2c13b446286de475131dc688ca9abcd94fc5db41d43a219b34d1c78",
      "dependencies": [
        "jsr:@std/internal"
      ]
    },
    "@std/internal@1.0.14": {
      "integrity": "291516b3d4c35024d6ffbc0a9df5bf4c64116e05b50012cf846710152d2ffdf7"
    }
  },
  "workspace": {
    "dependencies": [
      "jsr:@std/assert@1"
    ]
  }
}
